
Microsoft Visual Studio Solution File, Format Version 12.00
# Visual Studio Version 16
VisualStudioVersion = 16.0.32002.261
MinimumVisualStudioVersion = 10.0.40219.1
Project("{FAE04EC0-301F-11D3-BF4B-00C04F79EFBC}") = "median", "median\median.csproj", "{46B84E56-30DE-48E4-A579-5C74AB527A9B}"
EndProject
Global
	GlobalSection(SolutionConfigurationPlatforms) = preSolution
		Debug|Any CPU = Debug|Any CPU
		Release|Any CPU = Release|Any CPU
	EndGlobalSection
	GlobalSection(ProjectConfigurationPlatforms) = postSolution
		{46B84E56-30DE-48E4-A579-5C74AB527A9B}.Debug|Any CPU.ActiveCfg = Debug|Any CPU
		{46B84E56-30DE-48E4-A579-5C74AB527A9B}.Debug|Any CPU.Build.0 = Debug|Any CPU
		{46B84E56-30DE-48E4-A579-5C74AB527A9B}.Release|Any CPU.ActiveCfg = Release|Any CPU
		{46B84E56-30DE-48E4-A579-5C74AB527A9B}.Release|Any CPU.Build.0 = Release|Any CPU
	EndGlobalSection
	GlobalSection(SolutionProperties) = preSolution
		HideSolutionNode = FALSE
	EndGlobalSection
	GlobalSection(ExtensibilityGlobals) = postSolution
		SolutionGuid = {A273C380-9C0C-4B8D-A776-DAD9FD130052}
	EndGlobalSection
EndGlobal
