
Microsoft Visual Studio Solution File, Format Version 12.00
# Visual Studio Version 16
VisualStudioVersion = 16.0.32002.261
MinimumVisualStudioVersion = 10.0.40219.1
Project("{FAE04EC0-301F-11D3-BF4B-00C04F79EFBC}") = "Select", "Select\Select.csproj", "{90218164-D9E6-4E43-B0A3-952CA32F5377}"
EndProject
Global
	GlobalSection(SolutionConfigurationPlatforms) = preSolution
		Debug|Any CPU = Debug|Any CPU
		Release|Any CPU = Release|Any CPU
	EndGlobalSection
	GlobalSection(ProjectConfigurationPlatforms) = postSolution
		{90218164-D9E6-4E43-B0A3-952CA32F5377}.Debug|Any CPU.ActiveCfg = Debug|Any CPU
		{90218164-D9E6-4E43-B0A3-952CA32F5377}.Debug|Any CPU.Build.0 = Debug|Any CPU
		{90218164-D9E6-4E43-B0A3-952CA32F5377}.Release|Any CPU.ActiveCfg = Release|Any CPU
		{90218164-D9E6-4E43-B0A3-952CA32F5377}.Release|Any CPU.Build.0 = Release|Any CPU
	EndGlobalSection
	GlobalSection(SolutionProperties) = preSolution
		HideSolutionNode = FALSE
	EndGlobalSection
	GlobalSection(ExtensibilityGlobals) = postSolution
		SolutionGuid = {DA02B6B3-270B-4D74-82C6-B31484F291FB}
	EndGlobalSection
EndGlobal
