
Microsoft Visual Studio Solution File, Format Version 12.00
# Visual Studio Version 16
VisualStudioVersion = 16.0.32002.261
MinimumVisualStudioVersion = 10.0.40219.1
Project("{FAE04EC0-301F-11D3-BF4B-00C04F79EFBC}") = "Smallest No in an array", "Smallest No in an array\Smallest No in an array.csproj", "{E8349809-4689-4422-8569-3274E04DFC8C}"
EndProject
Global
	GlobalSection(SolutionConfigurationPlatforms) = preSolution
		Debug|Any CPU = Debug|Any CPU
		Release|Any CPU = Release|Any CPU
	EndGlobalSection
	GlobalSection(ProjectConfigurationPlatforms) = postSolution
		{E8349809-4689-4422-8569-3274E04DFC8C}.Debug|Any CPU.ActiveCfg = Debug|Any CPU
		{E8349809-4689-4422-8569-3274E04DFC8C}.Debug|Any CPU.Build.0 = Debug|Any CPU
		{E8349809-4689-4422-8569-3274E04DFC8C}.Release|Any CPU.ActiveCfg = Release|Any CPU
		{E8349809-4689-4422-8569-3274E04DFC8C}.Release|Any CPU.Build.0 = Release|Any CPU
	EndGlobalSection
	GlobalSection(SolutionProperties) = preSolution
		HideSolutionNode = FALSE
	EndGlobalSection
	GlobalSection(ExtensibilityGlobals) = postSolution
		SolutionGuid = {A41A4D77-AAEB-49B2-B50E-D25C5D8B4083}
	EndGlobalSection
EndGlobal
