
Microsoft Visual Studio Solution File, Format Version 12.00
# Visual Studio Version 16
VisualStudioVersion = 16.0.32002.261
MinimumVisualStudioVersion = 10.0.40219.1
Project("{FAE04EC0-301F-11D3-BF4B-00C04F79EFBC}") = "common elementsin twoarrays", "common elementsin twoarrays\common elementsin twoarrays.csproj", "{DFB082B0-1C8B-498D-B8C0-090B8B4646AB}"
EndProject
Global
	GlobalSection(SolutionConfigurationPlatforms) = preSolution
		Debug|Any CPU = Debug|Any CPU
		Release|Any CPU = Release|Any CPU
	EndGlobalSection
	GlobalSection(ProjectConfigurationPlatforms) = postSolution
		{DFB082B0-1C8B-498D-B8C0-090B8B4646AB}.Debug|Any CPU.ActiveCfg = Debug|Any CPU
		{DFB082B0-1C8B-498D-B8C0-090B8B4646AB}.Debug|Any CPU.Build.0 = Debug|Any CPU
		{DFB082B0-1C8B-498D-B8C0-090B8B4646AB}.Release|Any CPU.ActiveCfg = Release|Any CPU
		{DFB082B0-1C8B-498D-B8C0-090B8B4646AB}.Release|Any CPU.Build.0 = Release|Any CPU
	EndGlobalSection
	GlobalSection(SolutionProperties) = preSolution
		HideSolutionNode = FALSE
	EndGlobalSection
	GlobalSection(ExtensibilityGlobals) = postSolution
		SolutionGuid = {73C2183D-55BE-4A75-9FC8-DF5FB4458B42}
	EndGlobalSection
EndGlobal
