
Microsoft Visual Studio Solution File, Format Version 12.00
# Visual Studio Version 16
VisualStudioVersion = 16.0.32002.261
MinimumVisualStudioVersion = 10.0.40219.1
Project("{FAE04EC0-301F-11D3-BF4B-00C04F79EFBC}") = "Optional Parameters", "Optional Parameters\Optional Parameters.csproj", "{50FD6657-B5B8-4329-9AC2-6D4116A1CDD8}"
EndProject
Global
	GlobalSection(SolutionConfigurationPlatforms) = preSolution
		Debug|Any CPU = Debug|Any CPU
		Release|Any CPU = Release|Any CPU
	EndGlobalSection
	GlobalSection(ProjectConfigurationPlatforms) = postSolution
		{50FD6657-B5B8-4329-9AC2-6D4116A1CDD8}.Debug|Any CPU.ActiveCfg = Debug|Any CPU
		{50FD6657-B5B8-4329-9AC2-6D4116A1CDD8}.Debug|Any CPU.Build.0 = Debug|Any CPU
		{50FD6657-B5B8-4329-9AC2-6D4116A1CDD8}.Release|Any CPU.ActiveCfg = Release|Any CPU
		{50FD6657-B5B8-4329-9AC2-6D4116A1CDD8}.Release|Any CPU.Build.0 = Release|Any CPU
	EndGlobalSection
	GlobalSection(SolutionProperties) = preSolution
		HideSolutionNode = FALSE
	EndGlobalSection
	GlobalSection(ExtensibilityGlobals) = postSolution
		SolutionGuid = {065020F7-7AA0-403C-A01D-BFF5795728E5}
	EndGlobalSection
EndGlobal
