
Microsoft Visual Studio Solution File, Format Version 12.00
# Visual Studio Version 16
VisualStudioVersion = 16.0.32002.261
MinimumVisualStudioVersion = 10.0.40219.1
Project("{FAE04EC0-301F-11D3-BF4B-00C04F79EFBC}") = "Linq 2", "Linq 2\Linq 2.csproj", "{C3286F60-6AA6-40DF-9B43-22A6193ADDD7}"
EndProject
Global
	GlobalSection(SolutionConfigurationPlatforms) = preSolution
		Debug|Any CPU = Debug|Any CPU
		Release|Any CPU = Release|Any CPU
	EndGlobalSection
	GlobalSection(ProjectConfigurationPlatforms) = postSolution
		{C3286F60-6AA6-40DF-9B43-22A6193ADDD7}.Debug|Any CPU.ActiveCfg = Debug|Any CPU
		{C3286F60-6AA6-40DF-9B43-22A6193ADDD7}.Debug|Any CPU.Build.0 = Debug|Any CPU
		{C3286F60-6AA6-40DF-9B43-22A6193ADDD7}.Release|Any CPU.ActiveCfg = Release|Any CPU
		{C3286F60-6AA6-40DF-9B43-22A6193ADDD7}.Release|Any CPU.Build.0 = Release|Any CPU
	EndGlobalSection
	GlobalSection(SolutionProperties) = preSolution
		HideSolutionNode = FALSE
	EndGlobalSection
	GlobalSection(ExtensibilityGlobals) = postSolution
		SolutionGuid = {7717173F-13AC-4B78-A56C-82C6EAFE5B49}
	EndGlobalSection
EndGlobal
