
Microsoft Visual Studio Solution File, Format Version 12.00
# Visual Studio Version 16
VisualStudioVersion = 16.0.32002.261
MinimumVisualStudioVersion = 10.0.40219.1
Project("{FAE04EC0-301F-11D3-BF4B-00C04F79EFBC}") = "stringcomparer", "stringcomparer\stringcomparer.csproj", "{CDB78DF4-C9DE-4F74-959B-6EF5D196A2C0}"
EndProject
Global
	GlobalSection(SolutionConfigurationPlatforms) = preSolution
		Debug|Any CPU = Debug|Any CPU
		Release|Any CPU = Release|Any CPU
	EndGlobalSection
	GlobalSection(ProjectConfigurationPlatforms) = postSolution
		{CDB78DF4-C9DE-4F74-959B-6EF5D196A2C0}.Debug|Any CPU.ActiveCfg = Debug|Any CPU
		{CDB78DF4-C9DE-4F74-959B-6EF5D196A2C0}.Debug|Any CPU.Build.0 = Debug|Any CPU
		{CDB78DF4-C9DE-4F74-959B-6EF5D196A2C0}.Release|Any CPU.ActiveCfg = Release|Any CPU
		{CDB78DF4-C9DE-4F74-959B-6EF5D196A2C0}.Release|Any CPU.Build.0 = Release|Any CPU
	EndGlobalSection
	GlobalSection(SolutionProperties) = preSolution
		HideSolutionNode = FALSE
	EndGlobalSection
	GlobalSection(ExtensibilityGlobals) = postSolution
		SolutionGuid = {40E7C2B2-BD7E-4672-A95D-ADBC0E73B342}
	EndGlobalSection
EndGlobal
