
Microsoft Visual Studio Solution File, Format Version 12.00
# Visual Studio Version 16
VisualStudioVersion = 16.0.32002.261
MinimumVisualStudioVersion = 10.0.40219.1
Project("{FAE04EC0-301F-11D3-BF4B-00C04F79EFBC}") = "multiplesof5", "multiplesof5\multiplesof5.csproj", "{262D22C9-F8D1-4E7B-A0B4-B4A164986869}"
EndProject
Global
	GlobalSection(SolutionConfigurationPlatforms) = preSolution
		Debug|Any CPU = Debug|Any CPU
		Release|Any CPU = Release|Any CPU
	EndGlobalSection
	GlobalSection(ProjectConfigurationPlatforms) = postSolution
		{262D22C9-F8D1-4E7B-A0B4-B4A164986869}.Debug|Any CPU.ActiveCfg = Debug|Any CPU
		{262D22C9-F8D1-4E7B-A0B4-B4A164986869}.Debug|Any CPU.Build.0 = Debug|Any CPU
		{262D22C9-F8D1-4E7B-A0B4-B4A164986869}.Release|Any CPU.ActiveCfg = Release|Any CPU
		{262D22C9-F8D1-4E7B-A0B4-B4A164986869}.Release|Any CPU.Build.0 = Release|Any CPU
	EndGlobalSection
	GlobalSection(SolutionProperties) = preSolution
		HideSolutionNode = FALSE
	EndGlobalSection
	GlobalSection(ExtensibilityGlobals) = postSolution
		SolutionGuid = {42204B52-1991-4E9A-B93C-79A122A15825}
	EndGlobalSection
EndGlobal
