
Microsoft Visual Studio Solution File, Format Version 12.00
# Visual Studio Version 16
VisualStudioVersion = 16.0.32002.261
MinimumVisualStudioVersion = 10.0.40219.1
Project("{FAE04EC0-301F-11D3-BF4B-00C04F79EFBC}") = "OCP", "OCP\OCP.csproj", "{6EDE0420-42E3-47A9-B296-BD025522ACD8}"
EndProject
Global
	GlobalSection(SolutionConfigurationPlatforms) = preSolution
		Debug|Any CPU = Debug|Any CPU
		Release|Any CPU = Release|Any CPU
	EndGlobalSection
	GlobalSection(ProjectConfigurationPlatforms) = postSolution
		{6EDE0420-42E3-47A9-B296-BD025522ACD8}.Debug|Any CPU.ActiveCfg = Debug|Any CPU
		{6EDE0420-42E3-47A9-B296-BD025522ACD8}.Debug|Any CPU.Build.0 = Debug|Any CPU
		{6EDE0420-42E3-47A9-B296-BD025522ACD8}.Release|Any CPU.ActiveCfg = Release|Any CPU
		{6EDE0420-42E3-47A9-B296-BD025522ACD8}.Release|Any CPU.Build.0 = Release|Any CPU
	EndGlobalSection
	GlobalSection(SolutionProperties) = preSolution
		HideSolutionNode = FALSE
	EndGlobalSection
	GlobalSection(ExtensibilityGlobals) = postSolution
		SolutionGuid = {16C856CF-54DA-4585-810C-DB17820B1B72}
	EndGlobalSection
EndGlobal
