
Microsoft Visual Studio Solution File, Format Version 12.00
# Visual Studio Version 16
VisualStudioVersion = 16.0.32002.261
MinimumVisualStudioVersion = 10.0.40219.1
Project("{FAE04EC0-301F-11D3-BF4B-00C04F79EFBC}") = "Internal Access modifiers", "Internal Access modifiers\Internal Access modifiers.csproj", "{2EEBBEC8-1A42-4754-AB67-209C321A14C7}"
EndProject
Global
	GlobalSection(SolutionConfigurationPlatforms) = preSolution
		Debug|Any CPU = Debug|Any CPU
		Release|Any CPU = Release|Any CPU
	EndGlobalSection
	GlobalSection(ProjectConfigurationPlatforms) = postSolution
		{2EEBBEC8-1A42-4754-AB67-209C321A14C7}.Debug|Any CPU.ActiveCfg = Debug|Any CPU
		{2EEBBEC8-1A42-4754-AB67-209C321A14C7}.Debug|Any CPU.Build.0 = Debug|Any CPU
		{2EEBBEC8-1A42-4754-AB67-209C321A14C7}.Release|Any CPU.ActiveCfg = Release|Any CPU
		{2EEBBEC8-1A42-4754-AB67-209C321A14C7}.Release|Any CPU.Build.0 = Release|Any CPU
	EndGlobalSection
	GlobalSection(SolutionProperties) = preSolution
		HideSolutionNode = FALSE
	EndGlobalSection
	GlobalSection(ExtensibilityGlobals) = postSolution
		SolutionGuid = {8D2623AB-44DE-453D-8F3B-0F54926609C2}
	EndGlobalSection
EndGlobal
