
Microsoft Visual Studio Solution File, Format Version 12.00
# Visual Studio Version 16
VisualStudioVersion = 16.0.32002.261
MinimumVisualStudioVersion = 10.0.40219.1
Project("{FAE04EC0-301F-11D3-BF4B-00C04F79EFBC}") = "reversinganarray", "reversinganarray\reversinganarray.csproj", "{310C547D-F2B9-4655-897A-7AB56EEAD9B9}"
EndProject
Global
	GlobalSection(SolutionConfigurationPlatforms) = preSolution
		Debug|Any CPU = Debug|Any CPU
		Release|Any CPU = Release|Any CPU
	EndGlobalSection
	GlobalSection(ProjectConfigurationPlatforms) = postSolution
		{310C547D-F2B9-4655-897A-7AB56EEAD9B9}.Debug|Any CPU.ActiveCfg = Debug|Any CPU
		{310C547D-F2B9-4655-897A-7AB56EEAD9B9}.Debug|Any CPU.Build.0 = Debug|Any CPU
		{310C547D-F2B9-4655-897A-7AB56EEAD9B9}.Release|Any CPU.ActiveCfg = Release|Any CPU
		{310C547D-F2B9-4655-897A-7AB56EEAD9B9}.Release|Any CPU.Build.0 = Release|Any CPU
	EndGlobalSection
	GlobalSection(SolutionProperties) = preSolution
		HideSolutionNode = FALSE
	EndGlobalSection
	GlobalSection(ExtensibilityGlobals) = postSolution
		SolutionGuid = {1347DC60-E7DB-477D-9504-6C5391D93651}
	EndGlobalSection
EndGlobal
