
Microsoft Visual Studio Solution File, Format Version 12.00
# Visual Studio Version 16
VisualStudioVersion = 16.0.32002.261
MinimumVisualStudioVersion = 10.0.40219.1
Project("{FAE04EC0-301F-11D3-BF4B-00C04F79EFBC}") = "Generics", "Generics\Generics.csproj", "{AF2006D6-61E2-49A3-9C5C-9E4AE89CA87B}"
EndProject
Global
	GlobalSection(SolutionConfigurationPlatforms) = preSolution
		Debug|Any CPU = Debug|Any CPU
		Release|Any CPU = Release|Any CPU
	EndGlobalSection
	GlobalSection(ProjectConfigurationPlatforms) = postSolution
		{AF2006D6-61E2-49A3-9C5C-9E4AE89CA87B}.Debug|Any CPU.ActiveCfg = Debug|Any CPU
		{AF2006D6-61E2-49A3-9C5C-9E4AE89CA87B}.Debug|Any CPU.Build.0 = Debug|Any CPU
		{AF2006D6-61E2-49A3-9C5C-9E4AE89CA87B}.Release|Any CPU.ActiveCfg = Release|Any CPU
		{AF2006D6-61E2-49A3-9C5C-9E4AE89CA87B}.Release|Any CPU.Build.0 = Release|Any CPU
	EndGlobalSection
	GlobalSection(SolutionProperties) = preSolution
		HideSolutionNode = FALSE
	EndGlobalSection
	GlobalSection(ExtensibilityGlobals) = postSolution
		SolutionGuid = {EA79C319-6CFF-4B9B-A4CC-F8162D512C76}
	EndGlobalSection
EndGlobal
