
Microsoft Visual Studio Solution File, Format Version 12.00
# Visual Studio Version 16
VisualStudioVersion = 16.0.32002.261
MinimumVisualStudioVersion = 10.0.40219.1
Project("{FAE04EC0-301F-11D3-BF4B-00C04F79EFBC}") = "NegativeDoublenos", "NegativeDoublenos\NegativeDoublenos.csproj", "{198126C3-A996-4718-9674-F182A5779750}"
EndProject
Global
	GlobalSection(SolutionConfigurationPlatforms) = preSolution
		Debug|Any CPU = Debug|Any CPU
		Release|Any CPU = Release|Any CPU
	EndGlobalSection
	GlobalSection(ProjectConfigurationPlatforms) = postSolution
		{198126C3-A996-4718-9674-F182A5779750}.Debug|Any CPU.ActiveCfg = Debug|Any CPU
		{198126C3-A996-4718-9674-F182A5779750}.Debug|Any CPU.Build.0 = Debug|Any CPU
		{198126C3-A996-4718-9674-F182A5779750}.Release|Any CPU.ActiveCfg = Release|Any CPU
		{198126C3-A996-4718-9674-F182A5779750}.Release|Any CPU.Build.0 = Release|Any CPU
	EndGlobalSection
	GlobalSection(SolutionProperties) = preSolution
		HideSolutionNode = FALSE
	EndGlobalSection
	GlobalSection(ExtensibilityGlobals) = postSolution
		SolutionGuid = {8B25B210-84C7-441A-BB38-0F709B560CDB}
	EndGlobalSection
EndGlobal
