
Microsoft Visual Studio Solution File, Format Version 12.00
# Visual Studio Version 16
VisualStudioVersion = 16.0.32002.261
MinimumVisualStudioVersion = 10.0.40219.1
Project("{FAE04EC0-301F-11D3-BF4B-00C04F79EFBC}") = "LastCharacter", "LastCharacter\LastCharacter.csproj", "{2CC70402-4B4C-4CDD-B6EB-17017607B623}"
EndProject
Global
	GlobalSection(SolutionConfigurationPlatforms) = preSolution
		Debug|Any CPU = Debug|Any CPU
		Release|Any CPU = Release|Any CPU
	EndGlobalSection
	GlobalSection(ProjectConfigurationPlatforms) = postSolution
		{2CC70402-4B4C-4CDD-B6EB-17017607B623}.Debug|Any CPU.ActiveCfg = Debug|Any CPU
		{2CC70402-4B4C-4CDD-B6EB-17017607B623}.Debug|Any CPU.Build.0 = Debug|Any CPU
		{2CC70402-4B4C-4CDD-B6EB-17017607B623}.Release|Any CPU.ActiveCfg = Release|Any CPU
		{2CC70402-4B4C-4CDD-B6EB-17017607B623}.Release|Any CPU.Build.0 = Release|Any CPU
	EndGlobalSection
	GlobalSection(SolutionProperties) = preSolution
		HideSolutionNode = FALSE
	EndGlobalSection
	GlobalSection(ExtensibilityGlobals) = postSolution
		SolutionGuid = {73F2F7BD-CDAC-4556-ADC6-0DEA70F39F21}
	EndGlobalSection
EndGlobal
