
Microsoft Visual Studio Solution File, Format Version 12.00
# Visual Studio Version 16
VisualStudioVersion = 16.0.32002.261
MinimumVisualStudioVersion = 10.0.40219.1
Project("{FAE04EC0-301F-11D3-BF4B-00C04F79EFBC}") = "SRP", "SRP\SRP.csproj", "{4984ED49-7792-4086-B3D3-06AB8F962318}"
EndProject
Global
	GlobalSection(SolutionConfigurationPlatforms) = preSolution
		Debug|Any CPU = Debug|Any CPU
		Release|Any CPU = Release|Any CPU
	EndGlobalSection
	GlobalSection(ProjectConfigurationPlatforms) = postSolution
		{4984ED49-7792-4086-B3D3-06AB8F962318}.Debug|Any CPU.ActiveCfg = Debug|Any CPU
		{4984ED49-7792-4086-B3D3-06AB8F962318}.Debug|Any CPU.Build.0 = Debug|Any CPU
		{4984ED49-7792-4086-B3D3-06AB8F962318}.Release|Any CPU.ActiveCfg = Release|Any CPU
		{4984ED49-7792-4086-B3D3-06AB8F962318}.Release|Any CPU.Build.0 = Release|Any CPU
	EndGlobalSection
	GlobalSection(SolutionProperties) = preSolution
		HideSolutionNode = FALSE
	EndGlobalSection
	GlobalSection(ExtensibilityGlobals) = postSolution
		SolutionGuid = {FFDD31FD-2415-4DE4-941C-BDAA859E45DE}
	EndGlobalSection
EndGlobal
